// !$*UTF8*$!
{
	archiveVersion = 1;
	classes = {
	};
	objectVersion = 46;
	objects = {

/* Begin PBXBuildFile section */
		D72206AC1AAE8DED004BDC9F /* Foundation.framework in Frameworks */ = {isa = PBXBuildFile; fileRef = D72206AB1AAE8DED004BDC9F /* Foundation.framework */; };
		D72206AE1AAE8DED004BDC9F /* CoreGraphics.framework in Frameworks */ = {isa = PBXBuildFile; fileRef = D72206AD1AAE8DED004BDC9F /* CoreGraphics.framework */; };
		D72206B01AAE8DED004BDC9F /* UIKit.framework in Frameworks */ = {isa = PBXBuildFile; fileRef = D72206AF1AAE8DED004BDC9F /* UIKit.framework */; };
		D72206B61AAE8DED004BDC9F /* InfoPlist.strings in Resources */ = {isa = PBXBuildFile; fileRef = D72206B41AAE8DED004BDC9F /* InfoPlist.strings */; };
		D72206B81AAE8DED004BDC9F /* main.m in Sources */ = {isa = PBXBuildFile; fileRef = D72206B71AAE8DED004BDC9F /* main.m */; };
		D72206BC1AAE8DED004BDC9F /* AppDelegate.m in Sources */ = {isa = PBXBuildFile; fileRef = D72206BB1AAE8DED004BDC9F /* AppDelegate.m */; };
		D72206BF1AAE8DED004BDC9F /* Main.storyboard in Resources */ = {isa = PBXBuildFile; fileRef = D72206BD1AAE8DED004BDC9F /* Main.storyboard */; };
		D72206C21AAE8DED004BDC9F /* ViewController.m in Sources */ = {isa = PBXBuildFile; fileRef = D72206C11AAE8DED004BDC9F /* ViewController.m */; };
		D72206C41AAE8DED004BDC9F /* Images.xcassets in Resources */ = {isa = PBXBuildFile; fileRef = D72206C31AAE8DED004BDC9F /* Images.xcassets */; };
		D72206CB1AAE8DED004BDC9F /* XCTest.framework in Frameworks */ = {isa = PBXBuildFile; fileRef = D72206CA1AAE8DED004BDC9F /* XCTest.framework */; };
		D72206CC1AAE8DED004BDC9F /* Foundation.framework in Frameworks */ = {isa = PBXBuildFile; fileRef = D72206AB1AAE8DED004BDC9F /* Foundation.framework */; };
		D72206CD1AAE8DED004BDC9F /* UIKit.framework in Frameworks */ = {isa = PBXBuildFile; fileRef = D72206AF1AAE8DED004BDC9F /* UIKit.framework */; };
		D72206D51AAE8DED004BDC9F /* InfoPlist.strings in Resources */ = {isa = PBXBuildFile; fileRef = D72206D31AAE8DED004BDC9F /* InfoPlist.strings */; };
		D72206D71AAE8DED004BDC9F /* PhenixNewsTests.m in Sources */ = {isa = PBXBuildFile; fileRef = D72206D61AAE8DED004BDC9F /* PhenixNewsTests.m */; };
/* End PBXBuildFile section */

/* Begin PBXContainerItemProxy section */
		D72206CE1AAE8DED004BDC9F /* PBXContainerItemProxy */ = {
			isa = PBXContainerItemProxy;
			containerPortal = D72206A01AAE8DED004BDC9F /* Project object */;
			proxyType = 1;
			remoteGlobalIDString = D72206A71AAE8DED004BDC9F;
			remoteInfo = PhenixNews;
		};
/* End PBXContainerItemProxy section */

/* Begin PBXFileReference section */
		D72206A81AAE8DED004BDC9F /* PhenixNews.app */ = {isa = PBXFileReference; explicitFileType = wrapper.application; includeInIndex = 0; path = PhenixNews.app; sourceTree = BUILT_PRODUCTS_DIR; };
		D72206AB1AAE8DED004BDC9F /* Foundation.framework */ = {isa = PBXFileReference; lastKnownFileType = wrapper.framework; name = Foundation.framework; path = System/Library/Frameworks/Foundation.framework; sourceTree = SDKROOT; };
		D72206AD1AAE8DED004BDC9F /* CoreGraphics.framework */ = {isa = PBXFileReference; lastKnownFileType = wrapper.framework; name = CoreGraphics.framework; path = System/Library/Frameworks/CoreGraphics.framework; sourceTree = SDKROOT; };
		D72206AF1AAE8DED004BDC9F /* UIKit.framework */ = {isa = PBXFileReference; lastKnownFileType = wrapper.framework; name = UIKit.framework; path = System/Library/Frameworks/UIKit.framework; sourceTree = SDKROOT; };
		D72206B31AAE8DED004BDC9F /* PhenixNews-Info.plist */ = {isa = PBXFileReference; lastKnownFileType = text.plist.xml; path = "PhenixNews-Info.plist"; sourceTree = "<group>"; };
		D72206B51AAE8DED004BDC9F /* en */ = {isa = PBXFileReference; lastKnownFileType = text.plist.strings; name = en; path = en.lproj/InfoPlist.strings; sourceTree = "<group>"; };
		D72206B71AAE8DED004BDC9F /* main.m */ = {isa = PBXFileReference; lastKnownFileType = sourcecode.c.objc; path = main.m; sourceTree = "<group>"; };
		D72206B91AAE8DED004BDC9F /* PhenixNews-Prefix.pch */ = {isa = PBXFileReference; lastKnownFileType = sourcecode.c.h; path = "PhenixNews-Prefix.pch"; sourceTree = "<group>"; };
		D72206BA1AAE8DED004BDC9F /* AppDelegate.h */ = {isa = PBXFileReference; lastKnownFileType = sourcecode.c.h; path = AppDelegate.h; sourceTree = "<group>"; };
		D72206BB1AAE8DED004BDC9F /* AppDelegate.m */ = {isa = PBXFileReference; lastKnownFileType = sourcecode.c.objc; path = AppDelegate.m; sourceTree = "<group>"; };
		D72206BE1AAE8DED004BDC9F /* Base */ = {isa = PBXFileReference; lastKnownFileType = file.storyboard; name = Base; path = Base.lproj/Main.storyboard; sourceTree = "<group>"; };
		D72206C01AAE8DED004BDC9F /* ViewController.h */ = {isa = PBXFileReference; lastKnownFileType = sourcecode.c.h; path = ViewController.h; sourceTree = "<group>"; };
		D72206C11AAE8DED004BDC9F /* ViewController.m */ = {isa = PBXFileReference; lastKnownFileType = sourcecode.c.objc; path = ViewController.m; sourceTree = "<group>"; };
		D72206C31AAE8DED004BDC9F /* Images.xcassets */ = {isa = PBXFileReference; lastKnownFileType = folder.assetcatalog; path = Images.xcassets; sourceTree = "<group>"; };
		D72206C91AAE8DED004BDC9F /* PhenixNewsTests.xctest */ = {isa = PBXFileReference; explicitFileType = wrapper.cfbundle; includeInIndex = 0; path = PhenixNewsTests.xctest; sourceTree = BUILT_PRODUCTS_DIR; };
		D72206CA1AAE8DED004BDC9F /* XCTest.framework */ = {isa = PBXFileReference; lastKnownFileType = wrapper.framework; name = XCTest.framework; path = Library/Frameworks/XCTest.framework; sourceTree = DEVELOPER_DIR; };
		D72206D21AAE8DED004BDC9F /* PhenixNewsTests-Info.plist */ = {isa = PBXFileReference; lastKnownFileType = text.plist.xml; path = "PhenixNewsTests-Info.plist"; sourceTree = "<group>"; };
		D72206D41AAE8DED004BDC9F /* en */ = {isa = PBXFileReference; lastKnownFileType = text.plist.strings; name = en; path = en.lproj/InfoPlist.strings; sourceTree = "<group>"; };
		D72206D61AAE8DED004BDC9F /* PhenixNewsTests.m */ = {isa = PBXFileReference; lastKnownFileType = sourcecode.c.objc; path = PhenixNewsTests.m; sourceTree = "<group>"; };
/* End PBXFileReference section */

/* Begin PBXFrameworksBuildPhase section */
		D72206A51AAE8DED004BDC9F /* Frameworks */ = {
			isa = PBXFrameworksBuildPhase;
			buildActionMask = 2147483647;
			files = (
				D72206AE1AAE8DED004BDC9F /* CoreGraphics.framework in Frameworks */,
				D72206B01AAE8DED004BDC9F /* UIKit.framework in Frameworks */,
				D72206AC1AAE8DED004BDC9F /* Foundation.framework in Frameworks */,
			);
			runOnlyForDeploymentPostprocessing = 0;
		};
		D72206C61AAE8DED004BDC9F /* Frameworks */ = {
			isa = PBXFrameworksBuildPhase;
			buildActionMask = 2147483647;
			files = (
				D72206CB1AAE8DED004BDC9F /* XCTest.framework in Frameworks */,
				D72206CD1AAE8DED004BDC9F /* UIKit.framework in Frameworks */,
				D72206CC1AAE8DED004BDC9F /* Foundation.framework in Frameworks */,
			);
			runOnlyForDeploymentPostprocessing = 0;
		};
/* End PBXFrameworksBuildPhase section */

/* Begin PBXGroup section */
		D722069F1AAE8DED004BDC9F = {
			isa = PBXGroup;
			children = (
				D72206B11AAE8DED004BDC9F /* PhenixNews */,
				D72206D01AAE8DED004BDC9F /* PhenixNewsTests */,
				D72206AA1AAE8DED004BDC9F /* Frameworks */,
				D72206A91AAE8DED004BDC9F /* Products */,
			);
			sourceTree = "<group>";
		};
		D72206A91AAE8DED004BDC9F /* Products */ = {
			isa = PBXGroup;
			children = (
				D72206A81AAE8DED004BDC9F /* PhenixNews.app */,
				D72206C91AAE8DED004BDC9F /* PhenixNewsTests.xctest */,
			);
			name = Products;
			sourceTree = "<group>";
		};
		D72206AA1AAE8DED004BDC9F /* Frameworks */ = {
			isa = PBXGroup;
			children = (
				D72206AB1AAE8DED004BDC9F /* Foundation.framework */,
				D72206AD1AAE8DED004BDC9F /* CoreGraphics.framework */,
				D72206AF1AAE8DED004BDC9F /* UIKit.framework */,
				D72206CA1AAE8DED004BDC9F /* XCTest.framework */,
			);
			name = Frameworks;
			sourceTree = "<group>";
		};
		D72206B11AAE8DED004BDC9F /* PhenixNews */ = {
			isa = PBXGroup;
			children = (
				D72206BA1AAE8DED004BDC9F /* AppDelegate.h */,
				D72206BB1AAE8DED004BDC9F /* AppDelegate.m */,
				D72206BD1AAE8DED004BDC9F /* Main.storyboard */,
				D72206C01AAE8DED004BDC9F /* ViewController.h */,
				D72206C11AAE8DED004BDC9F /* ViewController.m */,
				D72206C31AAE8DED004BDC9F /* Images.xcassets */,
				D72206B21AAE8DED004BDC9F /* Supporting Files */,
			);
			path = PhenixNews;
			sourceTree = "<group>";
		};
		D72206B21AAE8DED004BDC9F /* Supporting Files */ = {
			isa = PBXGroup;
			children = (
				D72206B31AAE8DED004BDC9F /* PhenixNews-Info.plist */,
				D72206B41AAE8DED004BDC9F /* InfoPlist.strings */,
				D72206B71AAE8DED004BDC9F /* main.m */,
				D72206B91AAE8DED004BDC9F /* PhenixNews-Prefix.pch */,
			);
			name = "Supporting Files";
			sourceTree = "<group>";
		};
		D72206D01AAE8DED004BDC9F /* PhenixNewsTests */ = {
			isa = PBXGroup;
			children = (
				D72206D61AAE8DED004BDC9F /* PhenixNewsTests.m */,
				D72206D11AAE8DED004BDC9F /* Supporting Files */,
			);
			path = PhenixNewsTests;
			sourceTree = "<group>";
		};
		D72206D11AAE8DED004BDC9F /* Supporting Files */ = {
			isa = PBXGroup;
			children = (
				D72206D21AAE8DED004BDC9F /* PhenixNewsTests-Info.plist */,
				D72206D31AAE8DED004BDC9F /* InfoPlist.strings */,
			);
			name = "Supporting Files";
			sourceTree = "<group>";
		};
/* End PBXGroup section */

/* Begin PBXNativeTarget section */
		D72206A71AAE8DED004BDC9F /* PhenixNews */ = {
			isa = PBXNativeTarget;
			buildConfigurationList = D72206DA1AAE8DED004BDC9F /* Build configuration list for PBXNativeTarget "PhenixNews" */;
			buildPhases = (
				D72206A41AAE8DED004BDC9F /* Sources */,
				D72206A51AAE8DED004BDC9F /* Frameworks */,
				D72206A61AAE8DED004BDC9F /* Resources */,
			);
			buildRules = (
			);
			dependencies = (
			);
			name = PhenixNews;
			productName = PhenixNews;
			productReference = D72206A81AAE8DED004BDC9F /* PhenixNews.app */;
			productType = "com.apple.product-type.application";
		};
		D72206C81AAE8DED004BDC9F /* PhenixNewsTests */ = {
			isa = PBXNativeTarget;
			buildConfigurationList = D72206DD1AAE8DED004BDC9F /* Build configuration list for PBXNativeTarget "PhenixNewsTests" */;
			buildPhases = (
				D72206C51AAE8DED004BDC9F /* Sources */,
				D72206C61AAE8DED004BDC9F /* Frameworks */,
				D72206C71AAE8DED004BDC9F /* Resources */,
			);
			buildRules = (
			);
			dependencies = (
				D72206CF1AAE8DED004BDC9F /* PBXTargetDependency */,
			);
			name = PhenixNewsTests;
			productName = PhenixNewsTests;
			productReference = D72206C91AAE8DED004BDC9F /* PhenixNewsTests.xctest */;
			productType = "com.apple.product-type.bundle.unit-test";
		};
/* End PBXNativeTarget section */

/* Begin PBXProject section */
		D72206A01AAE8DED004BDC9F /* Project object */ = {
			isa = PBXProject;
			attributes = {
				LastUpgradeCheck = 0510;
				ORGANIZATIONNAME = jereh;
				TargetAttributes = {
					D72206C81AAE8DED004BDC9F = {
						TestTargetID = D72206A71AAE8DED004BDC9F;
					};
				};
			};
			buildConfigurationList = D72206A31AAE8DED004BDC9F /* Build configuration list for PBXProject "PhenixNews" */;
			compatibilityVersion = "Xcode 3.2";
			developmentRegion = English;
			hasScannedForEncodings = 0;
			knownRegions = (
				en,
				Base,
			);
			mainGroup = D722069F1AAE8DED004BDC9F;
			productRefGroup = D72206A91AAE8DED004BDC9F /* Products */;
			projectDirPath = "";
			projectRoot = "";
			targets = (
				D72206A71AAE8DED004BDC9F /* PhenixNews */,
				D72206C81AAE8DED004BDC9F /* PhenixNewsTests */,
			);
		};
/* End PBXProject section */

/* Begin PBXResourcesBuildPhase section */
		D72206A61AAE8DED004BDC9F /* Resources */ = {
			isa = PBXResourcesBuildPhase;
			buildActionMask = 2147483647;
			files = (
				D72206C41AAE8DED004BDC9F /* Images.xcassets in Resources */,
				D72206B61AAE8DED004BDC9F /* InfoPlist.strings in Resources */,
				D72206BF1AAE8DED004BDC9F /* Main.storyboard in Resources */,
			);
			runOnlyForDeploymentPostprocessing = 0;
		};
		D72206C71AAE8DED004BDC9F /* Resources */ = {
			isa = PBXResourcesBuildPhase;
			buildActionMask = 2147483647;
			files = (
				D72206D51AAE8DED004BDC9F /* InfoPlist.strings in Resources */,
			);
			runOnlyForDeploymentPostprocessing = 0;
		};
/* End PBXResourcesBuildPhase section */

/* Begin PBXSourcesBuildPhase section */
		D72206A41AAE8DED004BDC9F /* Sources */ = {
			isa = PBXSourcesBuildPhase;
			buildActionMask = 2147483647;
			files = (
				D72206C21AAE8DED004BDC9F /* ViewController.m in Sources */,
				D72206BC1AAE8DED004BDC9F /* AppDelegate.m in Sources */,
				D72206B81AAE8DED004BDC9F /* main.m in Sources */,
			);
			runOnlyForDeploymentPostprocessing = 0;
		};
		D72206C51AAE8DED004BDC9F /* Sources */ = {
			isa = PBXSourcesBuildPhase;
			buildActionMask = 2147483647;
			files = (
				D72206D71AAE8DED004BDC9F /* PhenixNewsTests.m in Sources */,
			);
			runOnlyForDeploymentPostprocessing = 0;
		};
/* End PBXSourcesBuildPhase section */

/* Begin PBXTargetDependency section */
		D72206CF1AAE8DED004BDC9F /* PBXTargetDependency */ = {
			isa = PBXTargetDependency;
			target = D72206A71AAE8DED004BDC9F /* PhenixNews */;
			targetProxy = D72206CE1AAE8DED004BDC9F /* PBXContainerItemProxy */;
		};
/* End PBXTargetDependency section */

/* Begin PBXVariantGroup section */
		D72206B41AAE8DED004BDC9F /* InfoPlist.strings */ = {
			isa = PBXVariantGroup;
			children = (
				D72206B51AAE8DED004BDC9F /* en */,
			);
			name = InfoPlist.strings;
			sourceTree = "<group>";
		};
		D72206BD1AAE8DED004BDC9F /* Main.storyboard */ = {
			isa = PBXVariantGroup;
			children = (
				D72206BE1AAE8DED004BDC9F /* Base */,
			);
			name = Main.storyboard;
			sourceTree = "<group>";
		};
		D72206D31AAE8DED004BDC9F /* InfoPlist.strings */ = {
			isa = PBXVariantGroup;
			children = (
				D72206D41AAE8DED004BDC9F /* en */,
			);
			name = InfoPlist.strings;
			sourceTree = "<group>";
		};
/* End PBXVariantGroup section */

/* Begin XCBuildConfiguration section */
		D72206D81AAE8DED004BDC9F /* Debug */ = {
			isa = XCBuildConfiguration;
			buildSettings = {
				ALWAYS_SEARCH_USER_PATHS = NO;
				CLANG_CXX_LANGUAGE_STANDARD = "gnu++0x";
				CLANG_CXX_LIBRARY = "libc++";
				CLANG_ENABLE_MODULES = YES;
				CLANG_ENABLE_OBJC_ARC = YES;
				CLANG_WARN_BOOL_CONVERSION = YES;
				CLANG_WARN_CONSTANT_CONVERSION = YES;
				CLANG_WARN_DIRECT_OBJC_ISA_USAGE = YES_ERROR;
				CLANG_WARN_EMPTY_BODY = YES;
				CLANG_WARN_ENUM_CONVERSION = YES;
				CLANG_WARN_INT_CONVERSION = YES;
				CLANG_WARN_OBJC_ROOT_CLASS = YES_ERROR;
				CLANG_WARN__DUPLICATE_METHOD_MATCH = YES;
				"CODE_SIGN_IDENTITY[sdk=iphoneos*]" = "iPhone Developer";
				COPY_PHASE_STRIP = NO;
				GCC_C_LANGUAGE_STANDARD = gnu99;
				GCC_DYNAMIC_NO_PIC = NO;
				GCC_OPTIMIZATION_LEVEL = 0;
				GCC_PREPROCESSOR_DEFINITIONS = (
					"DEBUG=1",
					"$(inherited)",
				);
				GCC_SYMBOLS_PRIVATE_EXTERN = NO;
				GCC_WARN_64_TO_32_BIT_CONVERSION = YES;
				GCC_WARN_ABOUT_RETURN_TYPE = YES_ERROR;
				GCC_WARN_UNDECLARED_SELECTOR = YES;
				GCC_WARN_UNINITIALIZED_AUTOS = YES_AGGRESSIVE;
				GCC_WARN_UNUSED_FUNCTION = YES;
				GCC_WARN_UNUSED_VARIABLE = YES;
				IPHONEOS_DEPLOYMENT_TARGET = 7.1;
				ONLY_ACTIVE_ARCH = YES;
				SDKROOT = iphoneos;
			};
			name = Debug;
		};
		D72206D91AAE8DED004BDC9F /* Release */ = {
			isa = XCBuildConfiguration;
			buildSettings = {
				ALWAYS_SEARCH_USER_PATHS = NO;
				CLANG_CXX_LANGUAGE_STANDARD = "gnu++0x";
				CLANG_CXX_LIBRARY = "libc++";
				CLANG_ENABLE_MODULES = YES;
				CLANG_ENABLE_OBJC_ARC = YES;
				CLANG_WARN_BOOL_CONVERSION = YES;
				CLANG_WARN_CONSTANT_CONVERSION = YES;
				CLANG_WARN_DIRECT_OBJC_ISA_USAGE = YES_ERROR;
				CLANG_WARN_EMPTY_BODY = YES;
				CLANG_WARN_ENUM_CONVERSION = YES;
				CLANG_WARN_INT_CONVERSION = YES;
				CLANG_WARN_OBJC_ROOT_CLASS = YES_ERROR;
				CLANG_WARN__DUPLICATE_METHOD_MATCH = YES;
				"CODE_SIGN_IDENTITY[sdk=iphoneos*]" = "iPhone Developer";
				COPY_PHASE_STRIP = YES;
				ENABLE_NS_ASSERTIONS = NO;
				GCC_C_LANGUAGE_STANDARD = gnu99;
				GCC_WARN_64_TO_32_BIT_CONVERSION = YES;
				GCC_WARN_ABOUT_RETURN_TYPE = YES_ERROR;
				GCC_WARN_UNDECLARED_SELECTOR = YES;
				GCC_WARN_UNINITIALIZED_AUTOS = YES_AGGRESSIVE;
				GCC_WARN_UNUSED_FUNCTION = YES;
				GCC_WARN_UNUSED_VARIABLE = YES;
				IPHONEOS_DEPLOYMENT_TARGET = 7.1;
				SDKROOT = iphoneos;
				VALIDATE_PRODUCT = YES;
			};
			name = Release;
		};
		D72206DB1AAE8DED004BDC9F /* Debug */ = {
			isa = XCBuildConfiguration;
			buildSettings = {
				ASSETCATALOG_COMPILER_APPICON_NAME = AppIcon;
				ASSETCATALOG_COMPILER_LAUNCHIMAGE_NAME = LaunchImage;
				GCC_PRECOMPILE_PREFIX_HEADER = YES;
				GCC_PREFIX_HEADER = "PhenixNews/PhenixNews-Prefix.pch";
				INFOPLIST_FILE = "PhenixNews/PhenixNews-Info.plist";
				PRODUCT_NAME = "$(TARGET_NAME)";
				WRAPPER_EXTENSION = app;
			};
			name = Debug;
		};
		D72206DC1AAE8DED004BDC9F /* Release */ = {
			isa = XCBuildConfiguration;
			buildSettings = {
				ASSETCATALOG_COMPILER_APPICON_NAME = AppIcon;
				ASSETCATALOG_COMPILER_LAUNCHIMAGE_NAME = LaunchImage;
				GCC_PRECOMPILE_PREFIX_HEADER = YES;
				GCC_PREFIX_HEADER = "PhenixNews/PhenixNews-Prefix.pch";
				INFOPLIST_FILE = "PhenixNews/PhenixNews-Info.plist";
				PRODUCT_NAME = "$(TARGET_NAME)";
				WRAPPER_EXTENSION = app;
			};
			name = Release;
		};
		D72206DE1AAE8DED004BDC9F /* Debug */ = {
			isa = XCBuildConfiguration;
			buildSettings = {
				BUNDLE_LOADER = "$(BUILT_PRODUCTS_DIR)/PhenixNews.app/PhenixNews";
				FRAMEWORK_SEARCH_PATHS = (
					"$(SDKROOT)/Developer/Library/Frameworks",
					"$(inherited)",
					"$(DEVELOPER_FRAMEWORKS_DIR)",
				);
				GCC_PRECOMPILE_PREFIX_HEADER = YES;
				GCC_PREFIX_HEADER = "PhenixNews/PhenixNews-Prefix.pch";
				GCC_PREPROCESSOR_DEFINITIONS = (
					"DEBUG=1",
					"$(inherited)",
				);
				INFOPLIST_FILE = "PhenixNewsTests/PhenixNewsTests-Info.plist";
				PRODUCT_NAME = "$(TARGET_NAME)";
				TEST_HOST = "$(BUNDLE_LOADER)";
				WRAPPER_EXTENSION = xctest;
			};
			name = Debug;
		};
		D72206DF1AAE8DED004BDC9F /* Release */ = {
			isa = XCBuildConfiguration;
			buildSettings = {
				BUNDLE_LOADER = "$(BUILT_PRODUCTS_DIR)/PhenixNews.app/PhenixNews";
				FRAMEWORK_SEARCH_PATHS = (
					"$(SDKROOT)/Developer/Library/Frameworks",
					"$(inherited)",
					"$(DEVELOPER_FRAMEWORKS_DIR)",
				);
				GCC_PRECOMPILE_PREFIX_HEADER = YES;
				GCC_PREFIX_HEADER = "PhenixNews/PhenixNews-Prefix.pch";
				INFOPLIST_FILE = "PhenixNewsTests/PhenixNewsTests-Info.plist";
				PRODUCT_NAME = "$(TARGET_NAME)";
				TEST_HOST = "$(BUNDLE_LOADER)";
				WRAPPER_EXTENSION = xctest;
			};
			name = Release;
		};
/* End XCBuildConfiguration section */

/* Begin XCConfigurationList section */
		D72206A31AAE8DED004BDC9F /* Build configuration list for PBXProject "PhenixNews" */ = {
			isa = XCConfigurationList;
			buildConfigurations = (
				D72206D81AAE8DED004BDC9F /* Debug */,
				D72206D91AAE8DED004BDC9F /* Release */,
			);
			defaultConfigurationIsVisible = 0;
			defaultConfigurationName = Release;
		};
		D72206DA1AAE8DED004BDC9F /* Build configuration list for PBXNativeTarget "PhenixNews" */ = {
			isa = XCConfigurationList;
			buildConfigurations = (
				D72206DB1AAE8DED004BDC9F /* Debug */,
				D72206DC1AAE8DED004BDC9F /* Release */,
			);
			defaultConfigurationIsVisible = 0;
		};
		D72206DD1AAE8DED004BDC9F /* Build configuration list for PBXNativeTarget "PhenixNewsTests" */ = {
			isa = XCConfigurationList;
			buildConfigurations = (
				D72206DE1AAE8DED004BDC9F /* Debug */,
				D72206DF1AAE8DED004BDC9F /* Release */,
			);
			defaultConfigurationIsVisible = 0;
		};
/* End XCConfigurationList section */
	};
	rootObject = D72206A01AAE8DED004BDC9F /* Project object */;
}
